
Microsoft Visual Studio Solution File, Format Version 12.00
# Visual Studio Version 17
VisualStudioVersion = 17.2.32630.192
MinimumVisualStudioVersion = 10.0.40219.1
Project("{9A19103F-16F7-4668-BE54-9A1E7A4F7556}") = "R5T.S0110", "R5T.S0110\R5T.S0110.csproj", "{4D612E25-8F6C-44C6-97CA-6A370597C104}"
EndProject
Global
	GlobalSection(SolutionConfigurationPlatforms) = preSolution
		Debug|Any CPU = Debug|Any CPU
		Release|Any CPU = Release|Any CPU
	EndGlobalSection
	GlobalSection(ProjectConfigurationPlatforms) = postSolution
		{4D612E25-8F6C-44C6-97CA-6A370597C104}.Debug|Any CPU.ActiveCfg = Debug|Any CPU
		{4D612E25-8F6C-44C6-97CA-6A370597C104}.Debug|Any CPU.Build.0 = Debug|Any CPU
		{4D612E25-8F6C-44C6-97CA-6A370597C104}.Release|Any CPU.ActiveCfg = Release|Any CPU
		{4D612E25-8F6C-44C6-97CA-6A370597C104}.Release|Any CPU.Build.0 = Release|Any CPU
	EndGlobalSection
	GlobalSection(SolutionProperties) = preSolution
		HideSolutionNode = FALSE
	EndGlobalSection
	GlobalSection(ExtensibilityGlobals) = postSolution
		SolutionGuid = {C598591E-670D-48F3-999B-2179CD6D2EB4}
	EndGlobalSection
EndGlobal
